{
  "lockfile_version": "1",
  "packages": {
    "awscli2@latest": {
      "last_modified": "2024-11-28T07:51:56Z",
      "resolved": "github:NixOS/nixpkgs/226216574ada4c3ecefcbbec41f39ce4655f78ef#awscli2",
      "source": "devbox-search",
      "version": "2.19.0",
      "systems": {
        "aarch64-darwin": {
          "outputs": [
            {
              "name": "out",
              "path": "/nix/store/idqz4kl7kyprr78wg7j7b1sk7yrj6ha1-awscli2-2.19.0",
              "default": true
            },
            {
              "name": "dist",
              "path": "/nix/store/sm98sx2dnyckbld8db9sqwmnyidypyfv-awscli2-2.19.0-dist"
            }
          ],
          "store_path": "/nix/store/idqz4kl7kyprr78wg7j7b1sk7yrj6ha1-awscli2-2.19.0"
        },
        "aarch64-linux": {
          "outputs": [
            {
              "name": "out",
              "path": "/nix/store/59938fsgw6zk61wfn477i7lj9v1dkvys-awscli2-2.19.0",
              "default": true
            },
            {
              "name": "dist",
              "path": "/nix/store/20alrrapxk8j08k3chq9w1biadr7kv2g-awscli2-2.19.0-dist"
            }
          ],
          "store_path": "/nix/store/59938fsgw6zk61wfn477i7lj9v1dkvys-awscli2-2.19.0"
        },
        "x86_64-darwin": {
          "outputs": [
            {
              "name": "out",
              "path": "/nix/store/vhz3md468wk64aa87n550v4450a8nhk6-awscli2-2.19.0",
              "default": true
            },
            {
              "name": "dist",
              "path": "/nix/store/an53z48mh1qqr3yjr9rx2wy6sbx3wcjc-awscli2-2.19.0-dist"
            }
          ],
          "store_path": "/nix/store/vhz3md468wk64aa87n550v4450a8nhk6-awscli2-2.19.0"
        },
        "x86_64-linux": {
          "outputs": [
            {
              "name": "out",
              "path": "/nix/store/46zrpbr7sx1vja93y5x5qfmzhxxg4iwf-awscli2-2.19.0",
              "default": true
            },
            {
              "name": "dist",
              "path": "/nix/store/mxgvhy0jxk4ghjqjykb3j4sjyyg7dwmp-awscli2-2.19.0-dist"
            }
          ],
          "store_path": "/nix/store/46zrpbr7sx1vja93y5x5qfmzhxxg4iwf-awscli2-2.19.0"
        }
      }
    },
    "exiftool@latest": {
      "last_modified": "2024-11-28T07:51:56Z",
      "resolved": "github:NixOS/nixpkgs/226216574ada4c3ecefcbbec41f39ce4655f78ef#exiftool",
      "source": "devbox-search",
      "version": "13.00",
      "systems": {
        "aarch64-darwin": {
          "outputs": [
            {
              "name": "out",
              "path": "/nix/store/z9rndj1indvbdjayrjx8s87mlslndszx-perl5.40.0-Image-ExifTool-13.00",
              "default": true
            },
            {
              "name": "devdoc",
              "path": "/nix/store/l6xg587jd2l02w219hmgfdi1796f500r-perl5.40.0-Image-ExifTool-13.00-devdoc"
            }
          ],
          "store_path": "/nix/store/z9rndj1indvbdjayrjx8s87mlslndszx-perl5.40.0-Image-ExifTool-13.00"
        },
        "aarch64-linux": {
          "outputs": [
            {
              "name": "out",
              "path": "/nix/store/c7327qvjy2b8sz06nk3hzchv753azq7c-perl5.40.0-Image-ExifTool-13.00",
              "default": true
            },
            {
              "name": "devdoc",
              "path": "/nix/store/6j4s4a2ahfa042vi45j80fj1x82mr9hy-perl5.40.0-Image-ExifTool-13.00-devdoc"
            }
          ],
          "store_path": "/nix/store/c7327qvjy2b8sz06nk3hzchv753azq7c-perl5.40.0-Image-ExifTool-13.00"
        },
        "x86_64-darwin": {
          "outputs": [
            {
              "name": "out",
              "path": "/nix/store/q0gyfwkq92jvgrc8lys0j66x29lml4n5-perl5.40.0-Image-ExifTool-13.00",
              "default": true
            },
            {
              "name": "devdoc",
              "path": "/nix/store/0lqq9klmb16qbbbh4dqq5d4a4sh1rzsj-perl5.40.0-Image-ExifTool-13.00-devdoc"
            }
          ],
          "store_path": "/nix/store/q0gyfwkq92jvgrc8lys0j66x29lml4n5-perl5.40.0-Image-ExifTool-13.00"
        },
        "x86_64-linux": {
          "outputs": [
            {
              "name": "out",
              "path": "/nix/store/rxhzkhfqgn5q8bc96s485vdc1ys96rim-perl5.40.0-Image-ExifTool-13.00",
              "default": true
            },
            {
              "name": "devdoc",
              "path": "/nix/store/dzf4kclykwknggn0pkzcagv24fvywq66-perl5.40.0-Image-ExifTool-13.00-devdoc"
            }
          ],
          "store_path": "/nix/store/rxhzkhfqgn5q8bc96s485vdc1ys96rim-perl5.40.0-Image-ExifTool-13.00"
        }
      }
    },
    "git-lfs@latest": {
      "last_modified": "2024-11-28T07:51:56Z",
      "resolved": "github:NixOS/nixpkgs/226216574ada4c3ecefcbbec41f39ce4655f78ef#git-lfs",
      "source": "devbox-search",
      "version": "3.5.1",
      "systems": {
        "aarch64-darwin": {
          "outputs": [
            {
              "name": "out",
              "path": "/nix/store/yqh1rv8w68ggpah2ln1hla9k2knfj5qf-git-lfs-3.5.1",
              "default": true
            }
          ],
          "store_path": "/nix/store/yqh1rv8w68ggpah2ln1hla9k2knfj5qf-git-lfs-3.5.1"
        },
        "aarch64-linux": {
          "outputs": [
            {
              "name": "out",
              "path": "/nix/store/d6m9gjizak8qivmwd5fysbyh9wnb7ax6-git-lfs-3.5.1",
              "default": true
            }
          ],
          "store_path": "/nix/store/d6m9gjizak8qivmwd5fysbyh9wnb7ax6-git-lfs-3.5.1"
        },
        "x86_64-darwin": {
          "outputs": [
            {
              "name": "out",
              "path": "/nix/store/1d0hyjcpanqs92cswkac08ypch65ykxw-git-lfs-3.5.1",
              "default": true
            }
          ],
          "store_path": "/nix/store/1d0hyjcpanqs92cswkac08ypch65ykxw-git-lfs-3.5.1"
        },
        "x86_64-linux": {
          "outputs": [
            {
              "name": "out",
              "path": "/nix/store/49wwhdljnnrlx817kghlks4xxn9lzhyl-git-lfs-3.5.1",
              "default": true
            }
          ],
          "store_path": "/nix/store/49wwhdljnnrlx817kghlks4xxn9lzhyl-git-lfs-3.5.1"
        }
      }
    },
    "nodejs@latest": {
      "last_modified": "2024-11-22T01:27:12Z",
      "plugin_version": "0.0.2",
      "resolved": "github:NixOS/nixpkgs/8edf06bea5bcbee082df1b7369ff973b91618b8d#nodejs_23",
      "source": "devbox-search",
      "version": "23.2.0",
      "systems": {
        "aarch64-darwin": {
          "outputs": [
            {
              "name": "out",
              "path": "/nix/store/2ibv0dpai0wwhwlhcy04y0hllqilawhq-nodejs-23.2.0",
              "default": true
            },
            {
              "name": "libv8",
              "path": "/nix/store/kw4nx0f5gxp986769fwzvkxj9lh9crxv-nodejs-23.2.0-libv8"
            }
          ],
          "store_path": "/nix/store/2ibv0dpai0wwhwlhcy04y0hllqilawhq-nodejs-23.2.0"
        },
        "aarch64-linux": {
          "outputs": [
            {
              "name": "out",
              "path": "/nix/store/p4845y5infyxnscwq5xwwisv684gy3rh-nodejs-23.2.0",
              "default": true
            },
            {
              "name": "libv8",
              "path": "/nix/store/rvw0r6fbk8jr1gja8245ip31vkbjzdn8-nodejs-23.2.0-libv8"
            }
          ],
          "store_path": "/nix/store/p4845y5infyxnscwq5xwwisv684gy3rh-nodejs-23.2.0"
        },
        "x86_64-darwin": {
          "outputs": [
            {
              "name": "out",
              "path": "/nix/store/arw5b6s4sl9af7zcvpjs41qnl24xi80x-nodejs-23.2.0",
              "default": true
            },
            {
              "name": "libv8",
              "path": "/nix/store/fbyf3510n96ph7liws525zx617jkcvf0-nodejs-23.2.0-libv8"
            }
          ],
          "store_path": "/nix/store/arw5b6s4sl9af7zcvpjs41qnl24xi80x-nodejs-23.2.0"
        },
        "x86_64-linux": {
          "outputs": [
            {
              "name": "out",
              "path": "/nix/store/nsc1zfr2q3z2dp0c3vlip7lhkjckafk8-nodejs-23.2.0",
              "default": true
            },
            {
              "name": "libv8",
              "path": "/nix/store/v1j4ab0j2c8w3pk67p6lv8y19ika7rig-nodejs-23.2.0-libv8"
            }
          ],
          "store_path": "/nix/store/nsc1zfr2q3z2dp0c3vlip7lhkjckafk8-nodejs-23.2.0"
        }
      }
    }
  }
}
